
Microsoft Visual Studio Solution File, Format Version 12.00
# Visual Studio 15
Project("{FAE04EC0-301F-11D3-BF4B-00C04F79EFBC}") = "Assembly-CSharp", "Assembly-CSharp.csproj", "{7BECE6B2-9BF7-E9E3-6FF0-E84ADF6FC62F}"
EndProject
Project("{FAE04EC0-301F-11D3-BF4B-00C04F79EFBC}") = "Assembly-CSharp-firstpass", "Assembly-CSharp-firstpass.csproj", "{365E9250-83F4-26B5-F2F4-C5E3B20A847F}"
EndProject
Project("{FAE04EC0-301F-11D3-BF4B-00C04F79EFBC}") = "Assembly-CSharp-Editor", "Assembly-CSharp-Editor.csproj", "{B22CD674-5336-4E92-91F5-4AC4AE4DADD3}"
EndProject
Global
	GlobalSection(SolutionConfigurationPlatforms) = preSolution
		Debug|Any CPU = Debug|Any CPU
		Release|Any CPU = Release|Any CPU
	EndGlobalSection
	GlobalSection(ProjectConfigurationPlatforms) = postSolution
		{7BECE6B2-9BF7-E9E3-6FF0-E84ADF6FC62F}.Debug|Any CPU.ActiveCfg = Debug|Any CPU
		{7BECE6B2-9BF7-E9E3-6FF0-E84ADF6FC62F}.Debug|Any CPU.Build.0 = Debug|Any CPU
		{7BECE6B2-9BF7-E9E3-6FF0-E84ADF6FC62F}.Release|Any CPU.ActiveCfg = Release|Any CPU
		{7BECE6B2-9BF7-E9E3-6FF0-E84ADF6FC62F}.Release|Any CPU.Build.0 = Release|Any CPU
		{365E9250-83F4-26B5-F2F4-C5E3B20A847F}.Debug|Any CPU.ActiveCfg = Debug|Any CPU
		{365E9250-83F4-26B5-F2F4-C5E3B20A847F}.Debug|Any CPU.Build.0 = Debug|Any CPU
		{365E9250-83F4-26B5-F2F4-C5E3B20A847F}.Release|Any CPU.ActiveCfg = Release|Any CPU
		{365E9250-83F4-26B5-F2F4-C5E3B20A847F}.Release|Any CPU.Build.0 = Release|Any CPU
		{B22CD674-5336-4E92-91F5-4AC4AE4DADD3}.Debug|Any CPU.ActiveCfg = Debug|Any CPU
		{B22CD674-5336-4E92-91F5-4AC4AE4DADD3}.Debug|Any CPU.Build.0 = Debug|Any CPU
		{B22CD674-5336-4E92-91F5-4AC4AE4DADD3}.Release|Any CPU.ActiveCfg = Release|Any CPU
		{B22CD674-5336-4E92-91F5-4AC4AE4DADD3}.Release|Any CPU.Build.0 = Release|Any CPU
	EndGlobalSection
	GlobalSection(SolutionProperties) = preSolution
		HideSolutionNode = FALSE
	EndGlobalSection
EndGlobal
